
Microsoft Visual Studio Solution File, Format Version 12.00
# Visual Studio 2012
Project("{FAE04EC0-301F-11D3-BF4B-00C04F79EFBC}") = "csharp_interview_prep", "csharp_interview_prep.csproj", "{39C5BAD5-810A-48F5-97ED-4EF950CD03C4}"
EndProject
Project("{FAE04EC0-301F-11D3-BF4B-00C04F79EFBC}") = "csharp_interview_prep_test", "csharp_interview_prep_test\csharp_interview_prep_test.csproj", "{4AB3B945-14FB-49DB-A83F-F3B8A5EBCC2E}"
EndProject
Global
	GlobalSection(SolutionConfigurationPlatforms) = preSolution
		Debug|Any CPU = Debug|Any CPU
		Release|Any CPU = Release|Any CPU
	EndGlobalSection
	GlobalSection(ProjectConfigurationPlatforms) = postSolution
		{39C5BAD5-810A-48F5-97ED-4EF950CD03C4}.Debug|Any CPU.ActiveCfg = Debug|Any CPU
		{39C5BAD5-810A-48F5-97ED-4EF950CD03C4}.Debug|Any CPU.Build.0 = Debug|Any CPU
		{39C5BAD5-810A-48F5-97ED-4EF950CD03C4}.Release|Any CPU.ActiveCfg = Release|Any CPU
		{39C5BAD5-810A-48F5-97ED-4EF950CD03C4}.Release|Any CPU.Build.0 = Release|Any CPU
		{4AB3B945-14FB-49DB-A83F-F3B8A5EBCC2E}.Debug|Any CPU.ActiveCfg = Debug|Any CPU
		{4AB3B945-14FB-49DB-A83F-F3B8A5EBCC2E}.Debug|Any CPU.Build.0 = Debug|Any CPU
		{4AB3B945-14FB-49DB-A83F-F3B8A5EBCC2E}.Release|Any CPU.ActiveCfg = Release|Any CPU
		{4AB3B945-14FB-49DB-A83F-F3B8A5EBCC2E}.Release|Any CPU.Build.0 = Release|Any CPU
	EndGlobalSection
EndGlobal
